{
	"name": "template",
	"lockfileVersion": 3,
	"requires": true,
	"packages": {
		"": {
			"devDependencies": {
				"@tsconfig/node20": "^1.0.1",
				"@types/node": "^20.1.4",
				"typescript": "^5.0.4"
			}
		},
		"node_modules/@tsconfig/node20": {
			"version": "1.0.1",
			"resolved": "https://registry.npmjs.org/@tsconfig/node20/-/node20-1.0.1.tgz",
			"integrity": "sha512-ovd+Yu8j7zgVXA3jRfLRXGknScbVwg9p+R9k4/0EVJzymxokkyoib2Hjt1A2hGK5qehqBIwV8NYvUF/rG+2+wQ==",
			"dev": true
		},
		"node_modules/@types/node": {
			"version": "20.1.4",
			"resolved": "https://registry.npmjs.org/@types/node/-/node-20.1.4.tgz",
			"integrity": "sha512-At4pvmIOki8yuwLtd7BNHl3CiWNbtclUbNtScGx4OHfBd4/oWoJC8KRCIxXwkdndzhxOsPXihrsOoydxBjlE9Q==",
			"dev": true
		},
		"node_modules/typescript": {
			"version": "5.0.4",
			"resolved": "https://registry.npmjs.org/typescript/-/typescript-5.0.4.tgz",
			"integrity": "sha512-cW9T5W9xY37cc+jfEnaUvX91foxtHkza3Nw3wkoF4sSlKn0MONdkdEndig/qPBWXNkmplh3NzayQzCiHM4/hqw==",
			"dev": true,
			"bin": {
				"tsc": "bin/tsc",
				"tsserver": "bin/tsserver"
			},
			"engines": {
				"node": ">=12.20"
			}
		}
	}
}
